// !$*UTF8*$!
{
	archiveVersion = 1;
	classes = {
	};
	objectVersion = 50;
	objects = {

/* Begin PBXBuildFile section */
		39142991227F47C10067FE57 /* AppDelegate.swift in Sources */ = {isa = PBXBuildFile; fileRef = 39142990227F47C10067FE57 /* AppDelegate.swift */; };
		39142993227F47C10067FE57 /* ViewController.swift in Sources */ = {isa = PBXBuildFile; fileRef = 39142992227F47C10067FE57 /* ViewController.swift */; };
		39142996227F47C10067FE57 /* Main.storyboard in Resources */ = {isa = PBXBuildFile; fileRef = 39142994227F47C10067FE57 /* Main.storyboard */; };
		39142998227F47C40067FE57 /* Assets.xcassets in Resources */ = {isa = PBXBuildFile; fileRef = 39142997227F47C40067FE57 /* Assets.xcassets */; };
		3914299B227F47C40067FE57 /* LaunchScreen.storyboard in Resources */ = {isa = PBXBuildFile; fileRef = 39142999227F47C40067FE57 /* LaunchScreen.storyboard */; };
		391429A6227F47C40067FE57 /* SwifWeatherTests.swift in Sources */ = {isa = PBXBuildFile; fileRef = 391429A5227F47C40067FE57 /* SwifWeatherTests.swift */; };
		391429B1227F47C40067FE57 /* SwifWeatherUITests.swift in Sources */ = {isa = PBXBuildFile; fileRef = 391429B0227F47C40067FE57 /* SwifWeatherUITests.swift */; };
/* End PBXBuildFile section */

/* Begin PBXContainerItemProxy section */
		391429A2227F47C40067FE57 /* PBXContainerItemProxy */ = {
			isa = PBXContainerItemProxy;
			containerPortal = 39142985227F47C10067FE57 /* Project object */;
			proxyType = 1;
			remoteGlobalIDString = 3914298C227F47C10067FE57;
			remoteInfo = SwifWeather;
		};
		391429AD227F47C40067FE57 /* PBXContainerItemProxy */ = {
			isa = PBXContainerItemProxy;
			containerPortal = 39142985227F47C10067FE57 /* Project object */;
			proxyType = 1;
			remoteGlobalIDString = 3914298C227F47C10067FE57;
			remoteInfo = SwifWeather;
		};
/* End PBXContainerItemProxy section */

/* Begin PBXFileReference section */
		3914298D227F47C10067FE57 /* SwifWeather.app */ = {isa = PBXFileReference; explicitFileType = wrapper.application; includeInIndex = 0; path = SwifWeather.app; sourceTree = BUILT_PRODUCTS_DIR; };
		39142990227F47C10067FE57 /* AppDelegate.swift */ = {isa = PBXFileReference; lastKnownFileType = sourcecode.swift; path = AppDelegate.swift; sourceTree = "<group>"; };
		39142992227F47C10067FE57 /* ViewController.swift */ = {isa = PBXFileReference; lastKnownFileType = sourcecode.swift; path = ViewController.swift; sourceTree = "<group>"; };
		39142995227F47C10067FE57 /* Base */ = {isa = PBXFileReference; lastKnownFileType = file.storyboard; name = Base; path = Base.lproj/Main.storyboard; sourceTree = "<group>"; };
		39142997227F47C40067FE57 /* Assets.xcassets */ = {isa = PBXFileReference; lastKnownFileType = folder.assetcatalog; path = Assets.xcassets; sourceTree = "<group>"; };
		3914299A227F47C40067FE57 /* Base */ = {isa = PBXFileReference; lastKnownFileType = file.storyboard; name = Base; path = Base.lproj/LaunchScreen.storyboard; sourceTree = "<group>"; };
		3914299C227F47C40067FE57 /* Info.plist */ = {isa = PBXFileReference; lastKnownFileType = text.plist.xml; path = Info.plist; sourceTree = "<group>"; };
		391429A1227F47C40067FE57 /* SwifWeatherTests.xctest */ = {isa = PBXFileReference; explicitFileType = wrapper.cfbundle; includeInIndex = 0; path = SwifWeatherTests.xctest; sourceTree = BUILT_PRODUCTS_DIR; };
		391429A5227F47C40067FE57 /* SwifWeatherTests.swift */ = {isa = PBXFileReference; lastKnownFileType = sourcecode.swift; path = SwifWeatherTests.swift; sourceTree = "<group>"; };
		391429A7227F47C40067FE57 /* Info.plist */ = {isa = PBXFileReference; lastKnownFileType = text.plist.xml; path = Info.plist; sourceTree = "<group>"; };
		391429AC227F47C40067FE57 /* SwifWeatherUITests.xctest */ = {isa = PBXFileReference; explicitFileType = wrapper.cfbundle; includeInIndex = 0; path = SwifWeatherUITests.xctest; sourceTree = BUILT_PRODUCTS_DIR; };
		391429B0227F47C40067FE57 /* SwifWeatherUITests.swift */ = {isa = PBXFileReference; lastKnownFileType = sourcecode.swift; path = SwifWeatherUITests.swift; sourceTree = "<group>"; };
		391429B2227F47C40067FE57 /* Info.plist */ = {isa = PBXFileReference; lastKnownFileType = text.plist.xml; path = Info.plist; sourceTree = "<group>"; };
/* End PBXFileReference section */

/* Begin PBXFrameworksBuildPhase section */
		3914298A227F47C10067FE57 /* Frameworks */ = {
			isa = PBXFrameworksBuildPhase;
			buildActionMask = 2147483647;
			files = (
			);
			runOnlyForDeploymentPostprocessing = 0;
		};
		3914299E227F47C40067FE57 /* Frameworks */ = {
			isa = PBXFrameworksBuildPhase;
			buildActionMask = 2147483647;
			files = (
			);
			runOnlyForDeploymentPostprocessing = 0;
		};
		391429A9227F47C40067FE57 /* Frameworks */ = {
			isa = PBXFrameworksBuildPhase;
			buildActionMask = 2147483647;
			files = (
			);
			runOnlyForDeploymentPostprocessing = 0;
		};
/* End PBXFrameworksBuildPhase section */

/* Begin PBXGroup section */
		39142984227F47C10067FE57 = {
			isa = PBXGroup;
			children = (
				3914298F227F47C10067FE57 /* SwifWeather */,
				391429A4227F47C40067FE57 /* SwifWeatherTests */,
				391429AF227F47C40067FE57 /* SwifWeatherUITests */,
				3914298E227F47C10067FE57 /* Products */,
			);
			sourceTree = "<group>";
		};
		3914298E227F47C10067FE57 /* Products */ = {
			isa = PBXGroup;
			children = (
				3914298D227F47C10067FE57 /* SwifWeather.app */,
				391429A1227F47C40067FE57 /* SwifWeatherTests.xctest */,
				391429AC227F47C40067FE57 /* SwifWeatherUITests.xctest */,
			);
			name = Products;
			sourceTree = "<group>";
		};
		3914298F227F47C10067FE57 /* SwifWeather */ = {
			isa = PBXGroup;
			children = (
				39142990227F47C10067FE57 /* AppDelegate.swift */,
				39142992227F47C10067FE57 /* ViewController.swift */,
				39142994227F47C10067FE57 /* Main.storyboard */,
				39142997227F47C40067FE57 /* Assets.xcassets */,
				39142999227F47C40067FE57 /* LaunchScreen.storyboard */,
				3914299C227F47C40067FE57 /* Info.plist */,
			);
			path = SwifWeather;
			sourceTree = "<group>";
		};
		391429A4227F47C40067FE57 /* SwifWeatherTests */ = {
			isa = PBXGroup;
			children = (
				391429A5227F47C40067FE57 /* SwifWeatherTests.swift */,
				391429A7227F47C40067FE57 /* Info.plist */,
			);
			path = SwifWeatherTests;
			sourceTree = "<group>";
		};
		391429AF227F47C40067FE57 /* SwifWeatherUITests */ = {
			isa = PBXGroup;
			children = (
				391429B0227F47C40067FE57 /* SwifWeatherUITests.swift */,
				391429B2227F47C40067FE57 /* Info.plist */,
			);
			path = SwifWeatherUITests;
			sourceTree = "<group>";
		};
/* End PBXGroup section */

/* Begin PBXNativeTarget section */
		3914298C227F47C10067FE57 /* SwifWeather */ = {
			isa = PBXNativeTarget;
			buildConfigurationList = 391429B5227F47C40067FE57 /* Build configuration list for PBXNativeTarget "SwifWeather" */;
			buildPhases = (
				39142989227F47C10067FE57 /* Sources */,
				3914298A227F47C10067FE57 /* Frameworks */,
				3914298B227F47C10067FE57 /* Resources */,
			);
			buildRules = (
			);
			dependencies = (
			);
			name = SwifWeather;
			productName = SwifWeather;
			productReference = 3914298D227F47C10067FE57 /* SwifWeather.app */;
			productType = "com.apple.product-type.application";
		};
		391429A0227F47C40067FE57 /* SwifWeatherTests */ = {
			isa = PBXNativeTarget;
			buildConfigurationList = 391429B8227F47C40067FE57 /* Build configuration list for PBXNativeTarget "SwifWeatherTests" */;
			buildPhases = (
				3914299D227F47C40067FE57 /* Sources */,
				3914299E227F47C40067FE57 /* Frameworks */,
				3914299F227F47C40067FE57 /* Resources */,
			);
			buildRules = (
			);
			dependencies = (
				391429A3227F47C40067FE57 /* PBXTargetDependency */,
			);
			name = SwifWeatherTests;
			productName = SwifWeatherTests;
			productReference = 391429A1227F47C40067FE57 /* SwifWeatherTests.xctest */;
			productType = "com.apple.product-type.bundle.unit-test";
		};
		391429AB227F47C40067FE57 /* SwifWeatherUITests */ = {
			isa = PBXNativeTarget;
			buildConfigurationList = 391429BB227F47C40067FE57 /* Build configuration list for PBXNativeTarget "SwifWeatherUITests" */;
			buildPhases = (
				391429A8227F47C40067FE57 /* Sources */,
				391429A9227F47C40067FE57 /* Frameworks */,
				391429AA227F47C40067FE57 /* Resources */,
			);
			buildRules = (
			);
			dependencies = (
				391429AE227F47C40067FE57 /* PBXTargetDependency */,
			);
			name = SwifWeatherUITests;
			productName = SwifWeatherUITests;
			productReference = 391429AC227F47C40067FE57 /* SwifWeatherUITests.xctest */;
			productType = "com.apple.product-type.bundle.ui-testing";
		};
/* End PBXNativeTarget section */

/* Begin PBXProject section */
		39142985227F47C10067FE57 /* Project object */ = {
			isa = PBXProject;
			attributes = {
				LastSwiftUpdateCheck = 1020;
				LastUpgradeCheck = 1020;
				ORGANIZATIONNAME = jasmine;
				TargetAttributes = {
					3914298C227F47C10067FE57 = {
						CreatedOnToolsVersion = 10.2.1;
					};
					391429A0227F47C40067FE57 = {
						CreatedOnToolsVersion = 10.2.1;
						TestTargetID = 3914298C227F47C10067FE57;
					};
					391429AB227F47C40067FE57 = {
						CreatedOnToolsVersion = 10.2.1;
						TestTargetID = 3914298C227F47C10067FE57;
					};
				};
			};
			buildConfigurationList = 39142988227F47C10067FE57 /* Build configuration list for PBXProject "SwifWeather" */;
			compatibilityVersion = "Xcode 9.3";
			developmentRegion = en;
			hasScannedForEncodings = 0;
			knownRegions = (
				en,
				Base,
			);
			mainGroup = 39142984227F47C10067FE57;
			productRefGroup = 3914298E227F47C10067FE57 /* Products */;
			projectDirPath = "";
			projectRoot = "";
			targets = (
				3914298C227F47C10067FE57 /* SwifWeather */,
				391429A0227F47C40067FE57 /* SwifWeatherTests */,
				391429AB227F47C40067FE57 /* SwifWeatherUITests */,
			);
		};
/* End PBXProject section */

/* Begin PBXResourcesBuildPhase section */
		3914298B227F47C10067FE57 /* Resources */ = {
			isa = PBXResourcesBuildPhase;
			buildActionMask = 2147483647;
			files = (
				3914299B227F47C40067FE57 /* LaunchScreen.storyboard in Resources */,
				39142998227F47C40067FE57 /* Assets.xcassets in Resources */,
				39142996227F47C10067FE57 /* Main.storyboard in Resources */,
			);
			runOnlyForDeploymentPostprocessing = 0;
		};
		3914299F227F47C40067FE57 /* Resources */ = {
			isa = PBXResourcesBuildPhase;
			buildActionMask = 2147483647;
			files = (
			);
			runOnlyForDeploymentPostprocessing = 0;
		};
		391429AA227F47C40067FE57 /* Resources */ = {
			isa = PBXResourcesBuildPhase;
			buildActionMask = 2147483647;
			files = (
			);
			runOnlyForDeploymentPostprocessing = 0;
		};
/* End PBXResourcesBuildPhase section */

/* Begin PBXSourcesBuildPhase section */
		39142989227F47C10067FE57 /* Sources */ = {
			isa = PBXSourcesBuildPhase;
			buildActionMask = 2147483647;
			files = (
				39142993227F47C10067FE57 /* ViewController.swift in Sources */,
				39142991227F47C10067FE57 /* AppDelegate.swift in Sources */,
			);
			runOnlyForDeploymentPostprocessing = 0;
		};
		3914299D227F47C40067FE57 /* Sources */ = {
			isa = PBXSourcesBuildPhase;
			buildActionMask = 2147483647;
			files = (
				391429A6227F47C40067FE57 /* SwifWeatherTests.swift in Sources */,
			);
			runOnlyForDeploymentPostprocessing = 0;
		};
		391429A8227F47C40067FE57 /* Sources */ = {
			isa = PBXSourcesBuildPhase;
			buildActionMask = 2147483647;
			files = (
				391429B1227F47C40067FE57 /* SwifWeatherUITests.swift in Sources */,
			);
			runOnlyForDeploymentPostprocessing = 0;
		};
/* End PBXSourcesBuildPhase section */

/* Begin PBXTargetDependency section */
		391429A3227F47C40067FE57 /* PBXTargetDependency */ = {
			isa = PBXTargetDependency;
			target = 3914298C227F47C10067FE57 /* SwifWeather */;
			targetProxy = 391429A2227F47C40067FE57 /* PBXContainerItemProxy */;
		};
		391429AE227F47C40067FE57 /* PBXTargetDependency */ = {
			isa = PBXTargetDependency;
			target = 3914298C227F47C10067FE57 /* SwifWeather */;
			targetProxy = 391429AD227F47C40067FE57 /* PBXContainerItemProxy */;
		};
/* End PBXTargetDependency section */

/* Begin PBXVariantGroup section */
		39142994227F47C10067FE57 /* Main.storyboard */ = {
			isa = PBXVariantGroup;
			children = (
				39142995227F47C10067FE57 /* Base */,
			);
			name = Main.storyboard;
			sourceTree = "<group>";
		};
		39142999227F47C40067FE57 /* LaunchScreen.storyboard */ = {
			isa = PBXVariantGroup;
			children = (
				3914299A227F47C40067FE57 /* Base */,
			);
			name = LaunchScreen.storyboard;
			sourceTree = "<group>";
		};
/* End PBXVariantGroup section */

/* Begin XCBuildConfiguration section */
		391429B3227F47C40067FE57 /* Debug */ = {
			isa = XCBuildConfiguration;
			buildSettings = {
				ALWAYS_SEARCH_USER_PATHS = NO;
				CLANG_ANALYZER_NONNULL = YES;
				CLANG_ANALYZER_NUMBER_OBJECT_CONVERSION = YES_AGGRESSIVE;
				CLANG_CXX_LANGUAGE_STANDARD = "gnu++14";
				CLANG_CXX_LIBRARY = "libc++";
				CLANG_ENABLE_MODULES = YES;
				CLANG_ENABLE_OBJC_ARC = YES;
				CLANG_ENABLE_OBJC_WEAK = YES;
				CLANG_WARN_BLOCK_CAPTURE_AUTORELEASING = YES;
				CLANG_WARN_BOOL_CONVERSION = YES;
				CLANG_WARN_COMMA = YES;
				CLANG_WARN_CONSTANT_CONVERSION = YES;
				CLANG_WARN_DEPRECATED_OBJC_IMPLEMENTATIONS = YES;
				CLANG_WARN_DIRECT_OBJC_ISA_USAGE = YES_ERROR;
				CLANG_WARN_DOCUMENTATION_COMMENTS = YES;
				CLANG_WARN_EMPTY_BODY = YES;
				CLANG_WARN_ENUM_CONVERSION = YES;
				CLANG_WARN_INFINITE_RECURSION = YES;
				CLANG_WARN_INT_CONVERSION = YES;
				CLANG_WARN_NON_LITERAL_NULL_CONVERSION = YES;
				CLANG_WARN_OBJC_IMPLICIT_RETAIN_SELF = YES;
				CLANG_WARN_OBJC_LITERAL_CONVERSION = YES;
				CLANG_WARN_OBJC_ROOT_CLASS = YES_ERROR;
				CLANG_WARN_RANGE_LOOP_ANALYSIS = YES;
				CLANG_WARN_STRICT_PROTOTYPES = YES;
				CLANG_WARN_SUSPICIOUS_MOVE = YES;
				CLANG_WARN_UNGUARDED_AVAILABILITY = YES_AGGRESSIVE;
				CLANG_WARN_UNREACHABLE_CODE = YES;
				CLANG_WARN__DUPLICATE_METHOD_MATCH = YES;
				CODE_SIGN_IDENTITY = "iPhone Developer";
				COPY_PHASE_STRIP = NO;
				DEBUG_INFORMATION_FORMAT = dwarf;
				ENABLE_STRICT_OBJC_MSGSEND = YES;
				ENABLE_TESTABILITY = YES;
				GCC_C_LANGUAGE_STANDARD = gnu11;
				GCC_DYNAMIC_NO_PIC = NO;
				GCC_NO_COMMON_BLOCKS = YES;
				GCC_OPTIMIZATION_LEVEL = 0;
				GCC_PREPROCESSOR_DEFINITIONS = (
					"DEBUG=1",
					"$(inherited)",
				);
				GCC_WARN_64_TO_32_BIT_CONVERSION = YES;
				GCC_WARN_ABOUT_RETURN_TYPE = YES_ERROR;
				GCC_WARN_UNDECLARED_SELECTOR = YES;
				GCC_WARN_UNINITIALIZED_AUTOS = YES_AGGRESSIVE;
				GCC_WARN_UNUSED_FUNCTION = YES;
				GCC_WARN_UNUSED_VARIABLE = YES;
				IPHONEOS_DEPLOYMENT_TARGET = 12.2;
				MTL_ENABLE_DEBUG_INFO = INCLUDE_SOURCE;
				MTL_FAST_MATH = YES;
				ONLY_ACTIVE_ARCH = YES;
				SDKROOT = iphoneos;
				SWIFT_ACTIVE_COMPILATION_CONDITIONS = DEBUG;
				SWIFT_OPTIMIZATION_LEVEL = "-Onone";
			};
			name = Debug;
		};
		391429B4227F47C40067FE57 /* Release */ = {
			isa = XCBuildConfiguration;
			buildSettings = {
				ALWAYS_SEARCH_USER_PATHS = NO;
				CLANG_ANALYZER_NONNULL = YES;
				CLANG_ANALYZER_NUMBER_OBJECT_CONVERSION = YES_AGGRESSIVE;
				CLANG_CXX_LANGUAGE_STANDARD = "gnu++14";
				CLANG_CXX_LIBRARY = "libc++";
				CLANG_ENABLE_MODULES = YES;
				CLANG_ENABLE_OBJC_ARC = YES;
				CLANG_ENABLE_OBJC_WEAK = YES;
				CLANG_WARN_BLOCK_CAPTURE_AUTORELEASING = YES;
				CLANG_WARN_BOOL_CONVERSION = YES;
				CLANG_WARN_COMMA = YES;
				CLANG_WARN_CONSTANT_CONVERSION = YES;
				CLANG_WARN_DEPRECATED_OBJC_IMPLEMENTATIONS = YES;
				CLANG_WARN_DIRECT_OBJC_ISA_USAGE = YES_ERROR;
				CLANG_WARN_DOCUMENTATION_COMMENTS = YES;
				CLANG_WARN_EMPTY_BODY = YES;
				CLANG_WARN_ENUM_CONVERSION = YES;
				CLANG_WARN_INFINITE_RECURSION = YES;
				CLANG_WARN_INT_CONVERSION = YES;
				CLANG_WARN_NON_LITERAL_NULL_CONVERSION = YES;
				CLANG_WARN_OBJC_IMPLICIT_RETAIN_SELF = YES;
				CLANG_WARN_OBJC_LITERAL_CONVERSION = YES;
				CLANG_WARN_OBJC_ROOT_CLASS = YES_ERROR;
				CLANG_WARN_RANGE_LOOP_ANALYSIS = YES;
				CLANG_WARN_STRICT_PROTOTYPES = YES;
				CLANG_WARN_SUSPICIOUS_MOVE = YES;
				CLANG_WARN_UNGUARDED_AVAILABILITY = YES_AGGRESSIVE;
				CLANG_WARN_UNREACHABLE_CODE = YES;
				CLANG_WARN__DUPLICATE_METHOD_MATCH = YES;
				CODE_SIGN_IDENTITY = "iPhone Developer";
				COPY_PHASE_STRIP = NO;
				DEBUG_INFORMATION_FORMAT = "dwarf-with-dsym";
				ENABLE_NS_ASSERTIONS = NO;
				ENABLE_STRICT_OBJC_MSGSEND = YES;
				GCC_C_LANGUAGE_STANDARD = gnu11;
				GCC_NO_COMMON_BLOCKS = YES;
				GCC_WARN_64_TO_32_BIT_CONVERSION = YES;
				GCC_WARN_ABOUT_RETURN_TYPE = YES_ERROR;
				GCC_WARN_UNDECLARED_SELECTOR = YES;
				GCC_WARN_UNINITIALIZED_AUTOS = YES_AGGRESSIVE;
				GCC_WARN_UNUSED_FUNCTION = YES;
				GCC_WARN_UNUSED_VARIABLE = YES;
				IPHONEOS_DEPLOYMENT_TARGET = 12.2;
				MTL_ENABLE_DEBUG_INFO = NO;
				MTL_FAST_MATH = YES;
				SDKROOT = iphoneos;
				SWIFT_COMPILATION_MODE = wholemodule;
				SWIFT_OPTIMIZATION_LEVEL = "-O";
				VALIDATE_PRODUCT = YES;
			};
			name = Release;
		};
		391429B6227F47C40067FE57 /* Debug */ = {
			isa = XCBuildConfiguration;
			buildSettings = {
				ASSETCATALOG_COMPILER_APPICON_NAME = AppIcon;
				CODE_SIGN_STYLE = Automatic;
				INFOPLIST_FILE = SwifWeather/Info.plist;
				LD_RUNPATH_SEARCH_PATHS = (
					"$(inherited)",
					"@executable_path/Frameworks",
				);
				PRODUCT_BUNDLE_IDENTIFIER = jasmine.SwifWeather;
				PRODUCT_NAME = "$(TARGET_NAME)";
				SWIFT_VERSION = 5.0;
				TARGETED_DEVICE_FAMILY = "1,2";
			};
			name = Debug;
		};
		391429B7227F47C40067FE57 /* Release */ = {
			isa = XCBuildConfiguration;
			buildSettings = {
				ASSETCATALOG_COMPILER_APPICON_NAME = AppIcon;
				CODE_SIGN_STYLE = Automatic;
				INFOPLIST_FILE = SwifWeather/Info.plist;
				LD_RUNPATH_SEARCH_PATHS = (
					"$(inherited)",
					"@executable_path/Frameworks",
				);
				PRODUCT_BUNDLE_IDENTIFIER = jasmine.SwifWeather;
				PRODUCT_NAME = "$(TARGET_NAME)";
				SWIFT_VERSION = 5.0;
				TARGETED_DEVICE_FAMILY = "1,2";
			};
			name = Release;
		};
		391429B9227F47C40067FE57 /* Debug */ = {
			isa = XCBuildConfiguration;
			buildSettings = {
				ALWAYS_EMBED_SWIFT_STANDARD_LIBRARIES = YES;
				BUNDLE_LOADER = "$(TEST_HOST)";
				CODE_SIGN_STYLE = Automatic;
				INFOPLIST_FILE = SwifWeatherTests/Info.plist;
				LD_RUNPATH_SEARCH_PATHS = (
					"$(inherited)",
					"@executable_path/Frameworks",
					"@loader_path/Frameworks",
				);
				PRODUCT_BUNDLE_IDENTIFIER = jasmine.SwifWeatherTests;
				PRODUCT_NAME = "$(TARGET_NAME)";
				SWIFT_VERSION = 5.0;
				TARGETED_DEVICE_FAMILY = "1,2";
				TEST_HOST = "$(BUILT_PRODUCTS_DIR)/SwifWeather.app/SwifWeather";
			};
			name = Debug;
		};
		391429BA227F47C40067FE57 /* Release */ = {
			isa = XCBuildConfiguration;
			buildSettings = {
				ALWAYS_EMBED_SWIFT_STANDARD_LIBRARIES = YES;
				BUNDLE_LOADER = "$(TEST_HOST)";
				CODE_SIGN_STYLE = Automatic;
				INFOPLIST_FILE = SwifWeatherTests/Info.plist;
				LD_RUNPATH_SEARCH_PATHS = (
					"$(inherited)",
					"@executable_path/Frameworks",
					"@loader_path/Frameworks",
				);
				PRODUCT_BUNDLE_IDENTIFIER = jasmine.SwifWeatherTests;
				PRODUCT_NAME = "$(TARGET_NAME)";
				SWIFT_VERSION = 5.0;
				TARGETED_DEVICE_FAMILY = "1,2";
				TEST_HOST = "$(BUILT_PRODUCTS_DIR)/SwifWeather.app/SwifWeather";
			};
			name = Release;
		};
		391429BC227F47C40067FE57 /* Debug */ = {
			isa = XCBuildConfiguration;
			buildSettings = {
				ALWAYS_EMBED_SWIFT_STANDARD_LIBRARIES = YES;
				CODE_SIGN_STYLE = Automatic;
				INFOPLIST_FILE = SwifWeatherUITests/Info.plist;
				LD_RUNPATH_SEARCH_PATHS = (
					"$(inherited)",
					"@executable_path/Frameworks",
					"@loader_path/Frameworks",
				);
				PRODUCT_BUNDLE_IDENTIFIER = jasmine.SwifWeatherUITests;
				PRODUCT_NAME = "$(TARGET_NAME)";
				SWIFT_VERSION = 5.0;
				TARGETED_DEVICE_FAMILY = "1,2";
				TEST_TARGET_NAME = SwifWeather;
			};
			name = Debug;
		};
		391429BD227F47C40067FE57 /* Release */ = {
			isa = XCBuildConfiguration;
			buildSettings = {
				ALWAYS_EMBED_SWIFT_STANDARD_LIBRARIES = YES;
				CODE_SIGN_STYLE = Automatic;
				INFOPLIST_FILE = SwifWeatherUITests/Info.plist;
				LD_RUNPATH_SEARCH_PATHS = (
					"$(inherited)",
					"@executable_path/Frameworks",
					"@loader_path/Frameworks",
				);
				PRODUCT_BUNDLE_IDENTIFIER = jasmine.SwifWeatherUITests;
				PRODUCT_NAME = "$(TARGET_NAME)";
				SWIFT_VERSION = 5.0;
				TARGETED_DEVICE_FAMILY = "1,2";
				TEST_TARGET_NAME = SwifWeather;
			};
			name = Release;
		};
/* End XCBuildConfiguration section */

/* Begin XCConfigurationList section */
		39142988227F47C10067FE57 /* Build configuration list for PBXProject "SwifWeather" */ = {
			isa = XCConfigurationList;
			buildConfigurations = (
				391429B3227F47C40067FE57 /* Debug */,
				391429B4227F47C40067FE57 /* Release */,
			);
			defaultConfigurationIsVisible = 0;
			defaultConfigurationName = Release;
		};
		391429B5227F47C40067FE57 /* Build configuration list for PBXNativeTarget "SwifWeather" */ = {
			isa = XCConfigurationList;
			buildConfigurations = (
				391429B6227F47C40067FE57 /* Debug */,
				391429B7227F47C40067FE57 /* Release */,
			);
			defaultConfigurationIsVisible = 0;
			defaultConfigurationName = Release;
		};
		391429B8227F47C40067FE57 /* Build configuration list for PBXNativeTarget "SwifWeatherTests" */ = {
			isa = XCConfigurationList;
			buildConfigurations = (
				391429B9227F47C40067FE57 /* Debug */,
				391429BA227F47C40067FE57 /* Release */,
			);
			defaultConfigurationIsVisible = 0;
			defaultConfigurationName = Release;
		};
		391429BB227F47C40067FE57 /* Build configuration list for PBXNativeTarget "SwifWeatherUITests" */ = {
			isa = XCConfigurationList;
			buildConfigurations = (
				391429BC227F47C40067FE57 /* Debug */,
				391429BD227F47C40067FE57 /* Release */,
			);
			defaultConfigurationIsVisible = 0;
			defaultConfigurationName = Release;
		};
/* End XCConfigurationList section */
	};
	rootObject = 39142985227F47C10067FE57 /* Project object */;
}
